
Microsoft Visual Studio Solution File, Format Version 12.00
# Visual Studio Version 17
VisualStudioVersion = 17.7.34003.232
MinimumVisualStudioVersion = 10.0.40219.1
Project("{FAE04EC0-301F-11D3-BF4B-00C04F79EFBC}") = "BackendHW_Fall2023", "BackendHW_Fall2023\BackendHW_Fall2023.csproj", "{B7469DA1-76B7-494A-9C6B-F34E81F9D440}"
EndProject
Project("{FAE04EC0-301F-11D3-BF4B-00C04F79EFBC}") = "BlazorHW_Fall2023", "BlazorHW_Fall2023\BlazorHW_Fall2023.csproj", "{5143FD58-6B92-4D66-B66F-9E8149F65B7E}"
EndProject
Project("{FAE04EC0-301F-11D3-BF4B-00C04F79EFBC}") = "HWLib", "HWLib\HWLib.csproj", "{376E9A3F-D60B-41AB-8186-72D454A855E9}"
EndProject
Global
	GlobalSection(SolutionConfigurationPlatforms) = preSolution
		Debug|Any CPU = Debug|Any CPU
		Release|Any CPU = Release|Any CPU
	EndGlobalSection
	GlobalSection(ProjectConfigurationPlatforms) = postSolution
		{B7469DA1-76B7-494A-9C6B-F34E81F9D440}.Debug|Any CPU.ActiveCfg = Debug|Any CPU
		{B7469DA1-76B7-494A-9C6B-F34E81F9D440}.Debug|Any CPU.Build.0 = Debug|Any CPU
		{B7469DA1-76B7-494A-9C6B-F34E81F9D440}.Release|Any CPU.ActiveCfg = Release|Any CPU
		{B7469DA1-76B7-494A-9C6B-F34E81F9D440}.Release|Any CPU.Build.0 = Release|Any CPU
		{5143FD58-6B92-4D66-B66F-9E8149F65B7E}.Debug|Any CPU.ActiveCfg = Debug|Any CPU
		{5143FD58-6B92-4D66-B66F-9E8149F65B7E}.Debug|Any CPU.Build.0 = Debug|Any CPU
		{5143FD58-6B92-4D66-B66F-9E8149F65B7E}.Release|Any CPU.ActiveCfg = Release|Any CPU
		{5143FD58-6B92-4D66-B66F-9E8149F65B7E}.Release|Any CPU.Build.0 = Release|Any CPU
		{376E9A3F-D60B-41AB-8186-72D454A855E9}.Debug|Any CPU.ActiveCfg = Debug|Any CPU
		{376E9A3F-D60B-41AB-8186-72D454A855E9}.Debug|Any CPU.Build.0 = Debug|Any CPU
		{376E9A3F-D60B-41AB-8186-72D454A855E9}.Release|Any CPU.ActiveCfg = Release|Any CPU
		{376E9A3F-D60B-41AB-8186-72D454A855E9}.Release|Any CPU.Build.0 = Release|Any CPU
	EndGlobalSection
	GlobalSection(SolutionProperties) = preSolution
		HideSolutionNode = FALSE
	EndGlobalSection
	GlobalSection(ExtensibilityGlobals) = postSolution
		SolutionGuid = {C9A149EB-5AAF-4F70-8DCB-1EC77F78B430}
	EndGlobalSection
EndGlobal
